
Microsoft Visual Studio Solution File, Format Version 12.00
# Visual Studio Version 16
VisualStudioVersion = 16.0.29306.81
MinimumVisualStudioVersion = 10.0.40219.1
Project("{FAE04EC0-301F-11D3-BF4B-00C04F79EFBC}") = "SudokuSolver", "SudokuSolver\SudokuSolver.csproj", "{6CE404D5-7854-4EC0-AC96-CE430EA00D22}"
EndProject
Global
	GlobalSection(SolutionConfigurationPlatforms) = preSolution
		Debug|Any CPU = Debug|Any CPU
		Release|Any CPU = Release|Any CPU
	EndGlobalSection
	GlobalSection(ProjectConfigurationPlatforms) = postSolution
		{6CE404D5-7854-4EC0-AC96-CE430EA00D22}.Debug|Any CPU.ActiveCfg = Debug|Any CPU
		{6CE404D5-7854-4EC0-AC96-CE430EA00D22}.Debug|Any CPU.Build.0 = Debug|Any CPU
		{6CE404D5-7854-4EC0-AC96-CE430EA00D22}.Release|Any CPU.ActiveCfg = Release|Any CPU
		{6CE404D5-7854-4EC0-AC96-CE430EA00D22}.Release|Any CPU.Build.0 = Release|Any CPU
	EndGlobalSection
	GlobalSection(SolutionProperties) = preSolution
		HideSolutionNode = FALSE
	EndGlobalSection
	GlobalSection(ExtensibilityGlobals) = postSolution
		SolutionGuid = {1144635E-C4CD-44C7-88EE-3D7DFB4EF947}
	EndGlobalSection
EndGlobal
